# THIS IS AN AUTOGENERATED FILE. DO NOT EDIT THIS FILE DIRECTLY.
# yarn lockfile v1


"@babel/helper-validator-identifier@^7.10.1":
  version "7.10.1"
  resolved "https://registry.npm.taobao.org/@babel/helper-validator-identifier/download/@babel/helper-validator-identifier-7.10.1.tgz#5770b0c1a826c4f53f5ede5e153163e0318e94b5"
  integrity sha1-V3CwwagmxPU/Xt5eFTFj4DGOlLU=

"@babel/parser@^7.8.6":
  version "7.10.2"
  resolved "https://registry.npm.taobao.org/@babel/parser/download/@babel/parser-7.10.2.tgz#871807f10442b92ff97e4783b9b54f6a0ca812d0"
  integrity sha1-hxgH8QRCuS/5fkeDubVPagyoEtA=

"@babel/types@^7.8.6":
  version "7.10.2"
  resolved "https://registry.npm.taobao.org/@babel/types/download/@babel/types-7.10.2.tgz#30283be31cad0dbf6fb00bd40641ca0ea675172d"
  integrity sha1-MCg74xytDb9vsAvUBkHKDqZ1Fy0=
  dependencies:
    "@babel/helper-validator-identifier" "^7.10.1"
    lodash "^4.17.13"
    to-fast-properties "^2.0.0"

"@vue/compiler-core@3.0.0-beta.14":
  version "3.0.0-beta.14"
  resolved "https://registry.npm.taobao.org/@vue/compiler-core/download/@vue/compiler-core-3.0.0-beta.14.tgz#69019b5c3da8335e6d83f81b37648caf120dbacd"
  integrity sha1-aQGbXD2oM15tg/gbN2SMrxINus0=
  dependencies:
    "@babel/parser" "^7.8.6"
    "@babel/types" "^7.8.6"
    "@vue/shared" "3.0.0-beta.14"
    estree-walker "^0.8.1"
    source-map "^0.6.1"

"@vue/compiler-dom@3.0.0-beta.14":
  version "3.0.0-beta.14"
  resolved "https://registry.npm.taobao.org/@vue/compiler-dom/download/@vue/compiler-dom-3.0.0-beta.14.tgz#2ea1c165e06e9630e687a7a5cbde4e8b20b064ac"
  integrity sha1-LqHBZeBuljDmh6ely95OiyCwZKw=
  dependencies:
    "@vue/compiler-core" "3.0.0-beta.14"
    "@vue/shared" "3.0.0-beta.14"

"@vue/reactivity@3.0.0-beta.14":
  version "3.0.0-beta.14"
  resolved "https://registry.npm.taobao.org/@vue/reactivity/download/@vue/reactivity-3.0.0-beta.14.tgz#a041ec24ce2e545583a6a1a42774311c16870a91"
  integrity sha1-oEHsJM4uVFWDpqGkJ3QxHBaHCpE=
  dependencies:
    "@vue/shared" "3.0.0-beta.14"

"@vue/runtime-core@3.0.0-beta.14":
  version "3.0.0-beta.14"
  resolved "https://registry.npm.taobao.org/@vue/runtime-core/download/@vue/runtime-core-3.0.0-beta.14.tgz#4f8162befd6ad1ac55cc6c142edc8301b090658a"
  integrity sha1-T4Fivv1q0axVzGwULtyDAbCQZYo=
  dependencies:
    "@vue/reactivity" "3.0.0-beta.14"
    "@vue/shared" "3.0.0-beta.14"

"@vue/runtime-dom@3.0.0-beta.14":
  version "3.0.0-beta.14"
  resolved "https://registry.npm.taobao.org/@vue/runtime-dom/download/@vue/runtime-dom-3.0.0-beta.14.tgz#080e9dd48a95da639f9fcc6d70a2d9620aec6ab8"
  integrity sha1-CA6d1IqV2mOfn8xtcKLZYgrsarg=
  dependencies:
    "@vue/runtime-core" "3.0.0-beta.14"
    "@vue/shared" "3.0.0-beta.14"
    csstype "^2.6.8"

"@vue/shared@3.0.0-beta.14":
  version "3.0.0-beta.14"
  resolved "https://registry.npm.taobao.org/@vue/shared/download/@vue/shared-3.0.0-beta.14.tgz#886afe5c233a5b255c186142324c40f114958af5"
  integrity sha1-iGr+XCM6WyVcGGFCMkxA8RSVivU=

arg@^4.1.0:
  version "4.1.3"
  resolved "https://registry.npm.taobao.org/arg/download/arg-4.1.3.tgz#269fc7ad5b8e42cb63c896d5666017261c144089"
  integrity sha1-Jp/HrVuOQstjyJbVZmAXJhwUQIk=

buffer-from@^1.0.0:
  version "1.1.1"
  resolved "https://registry.npm.taobao.org/buffer-from/download/buffer-from-1.1.1.tgz#32713bc028f75c02fdb710d7c7bcec1f2c6070ef"
  integrity sha1-MnE7wCj3XAL9txDXx7zsHyxgcO8=

csstype@^2.6.8:
  version "2.6.10"
  resolved "https://registry.npm.taobao.org/csstype/download/csstype-2.6.10.tgz#e63af50e66d7c266edb6b32909cfd0aabe03928b"
  integrity sha1-5jr1DmbXwmbttrMpCc/Qqr4Dkos=

diff@^4.0.1:
  version "4.0.2"
  resolved "https://registry.npm.taobao.org/diff/download/diff-4.0.2.tgz#60f3aecb89d5fae520c11aa19efc2bb982aade7d"
  integrity sha1-YPOuy4nV+uUgwRqhnvwruYKq3n0=

estree-walker@^0.8.1:
  version "0.8.1"
  resolved "https://registry.npm.taobao.org/estree-walker/download/estree-walker-0.8.1.tgz#6230ce2ec9a5cb03888afcaf295f97d90aa52b79"
  integrity sha1-YjDOLsmlywOIivyvKV+X2QqlK3k=

lodash@^4.17.13:
  version "4.17.19"
  resolved "https://registry.yarnpkg.com/lodash/-/lodash-4.17.19.tgz#e48ddedbe30b3321783c5b4301fbd353bc1e4a4b"
  integrity sha512-JNvd8XER9GQX0v2qJgsaN/mzFCNA5BRe/j8JN9d+tWyGLSodKQHKFicdwNYzWwI3wjRnaKPsGj1XkBjx/F96DQ==

make-error@^1.1.1:
  version "1.3.6"
  resolved "https://registry.npm.taobao.org/make-error/download/make-error-1.3.6.tgz#2eb2e37ea9b67c4891f684a1394799af484cf7a2"
  integrity sha1-LrLjfqm2fEiR9oShOUeZr0hM96I=

source-map-support@^0.5.17:
  version "0.5.19"
  resolved "https://registry.npm.taobao.org/source-map-support/download/source-map-support-0.5.19.tgz#a98b62f86dcaf4f67399648c085291ab9e8fed61"
  integrity sha1-qYti+G3K9PZzmWSMCFKRq56P7WE=
  dependencies:
    buffer-from "^1.0.0"
    source-map "^0.6.0"

source-map@^0.6.0, source-map@^0.6.1:
  version "0.6.1"
  resolved "https://registry.npm.taobao.org/source-map/download/source-map-0.6.1.tgz#74722af32e9614e9c287a8d0bbde48b5e2f1a263"
  integrity sha1-dHIq8y6WFOnCh6jQu95IteLxomM=

to-fast-properties@^2.0.0:
  version "2.0.0"
  resolved "https://registry.npm.taobao.org/to-fast-properties/download/to-fast-properties-2.0.0.tgz#dc5e698cbd079265bc73e0377681a4e4e83f616e"
  integrity sha1-3F5pjL0HkmW8c+A3doGk5Og/YW4=

ts-node@^8.10.2:
  version "8.10.2"
  resolved "https://registry.npm.taobao.org/ts-node/download/ts-node-8.10.2.tgz#eee03764633b1234ddd37f8db9ec10b75ec7fb8d"
  integrity sha1-7uA3ZGM7EjTd03+NuewQt17H+40=
  dependencies:
    arg "^4.1.0"
    diff "^4.0.1"
    make-error "^1.1.1"
    source-map-support "^0.5.17"
    yn "3.1.1"

typescript@^3.9.5:
  version "3.9.5"
  resolved "https://registry.npm.taobao.org/typescript/download/typescript-3.9.5.tgz?cache=0&sync_timestamp=1591944509208&other_urls=https%3A%2F%2Fregistry.npm.taobao.org%2Ftypescript%2Fdownload%2Ftypescript-3.9.5.tgz#586f0dba300cde8be52dd1ac4f7e1009c1b13f36"
  integrity sha1-WG8NujAM3ovlLdGsT34QCcGxPzY=

vue@^3.0.0-beta.14:
  version "3.0.0-beta.14"
  resolved "https://registry.npm.taobao.org/vue/download/vue-3.0.0-beta.14.tgz#d2c8739e00c4a4a06b519c14c57d204c350c980c"
  integrity sha1-0shzngDEpKBrUZwUxX0gTDUMmAw=
  dependencies:
    "@vue/compiler-dom" "3.0.0-beta.14"
    "@vue/runtime-dom" "3.0.0-beta.14"
    "@vue/shared" "3.0.0-beta.14"

yn@3.1.1:
  version "3.1.1"
  resolved "https://registry.npm.taobao.org/yn/download/yn-3.1.1.tgz#1e87401a09d767c1d5eab26a6e4c185182d2eb50"
  integrity sha1-HodAGgnXZ8HV6rJqbkwYUYLS61A=
